
Microsoft Visual Studio Solution File, Format Version 12.00
# Visual Studio Version 17
VisualStudioVersion = 17.9.34728.123
MinimumVisualStudioVersion = 10.0.40219.1
Project("{FAE04EC0-301F-11D3-BF4B-00C04F79EFBC}") = "ADOWinApps", "ADOWinApps.csproj", "{726F8D03-4D26-4414-9E54-B94FD6339667}"
EndProject
Global
	GlobalSection(SolutionConfigurationPlatforms) = preSolution
		Debug|Any CPU = Debug|Any CPU
		Release|Any CPU = Release|Any CPU
	EndGlobalSection
	GlobalSection(ProjectConfigurationPlatforms) = postSolution
		{726F8D03-4D26-4414-9E54-B94FD6339667}.Debug|Any CPU.ActiveCfg = Debug|Any CPU
		{726F8D03-4D26-4414-9E54-B94FD6339667}.Debug|Any CPU.Build.0 = Debug|Any CPU
		{726F8D03-4D26-4414-9E54-B94FD6339667}.Release|Any CPU.ActiveCfg = Release|Any CPU
		{726F8D03-4D26-4414-9E54-B94FD6339667}.Release|Any CPU.Build.0 = Release|Any CPU
	EndGlobalSection
	GlobalSection(SolutionProperties) = preSolution
		HideSolutionNode = FALSE
	EndGlobalSection
	GlobalSection(ExtensibilityGlobals) = postSolution
		SolutionGuid = {AADD3836-C45B-4F34-8B5F-E8374BD7FC0B}
	EndGlobalSection
EndGlobal
